
Microsoft Visual Studio Solution File, Format Version 12.00
# Visual Studio Version 16
VisualStudioVersion = 16.0.28621.142
MinimumVisualStudioVersion = 10.0.40219.1
Project("{9A19103F-16F7-4668-BE54-9A1E7A4F7556}") = "GenHTTP.Core", "Core\GenHTTP.Core\GenHTTP.Core.csproj", "{59E1C489-E9E9-4374-8CB9-A2005722152D}"
EndProject
Project("{2150E333-8FDC-42A3-9474-1A3956D46DE8}") = "Core", "Core", "{AFBFE61E-0C33-42F6-9370-9F5088EB8633}"
EndProject
Project("{2150E333-8FDC-42A3-9474-1A3956D46DE8}") = "Examples", "Examples", "{2287FAF2-0917-4B92-AA53-0E544DDFF0AA}"
EndProject
Project("{2150E333-8FDC-42A3-9474-1A3956D46DE8}") = "Solution Items", "Solution Items", "{8514DD10-DC8A-4C5C-B8CD-F2C97F5684C9}"
	ProjectSection(SolutionItems) = preProject
		.travis.yml = .travis.yml
		LICENSE = LICENSE
		README.md = README.md
	EndProjectSection
EndProject
Project("{2150E333-8FDC-42A3-9474-1A3956D46DE8}") = "API", "API", "{06A861A6-D030-4129-9F8F-4EED698D00A6}"
EndProject
Project("{9A19103F-16F7-4668-BE54-9A1E7A4F7556}") = "GenHTTP.Api", "API\GenHTTP.API\GenHTTP.Api.csproj", "{C2D2B8D0-CA23-4790-8C71-B245A0AB81FB}"
EndProject
Project("{2150E333-8FDC-42A3-9474-1A3956D46DE8}") = "Content", "Content", "{23B23225-275E-4F52-8B29-6F44C85B6ACE}"
EndProject
Project("{9A19103F-16F7-4668-BE54-9A1E7A4F7556}") = "GenHTTP.Modules.Core", "Modules\GenHTTP.Modules.Core\GenHTTP.Modules.Core.csproj", "{0CB8D077-0F88-4D9F-9FB3-508BE884EA99}"
EndProject
Project("{9A19103F-16F7-4668-BE54-9A1E7A4F7556}") = "GenHTTP.Modules.Scriban", "Modules\GenHTTP.Modules.Scriban\GenHTTP.Modules.Scriban.csproj", "{7FA5BD2F-C093-4F30-ACD9-A870C7A0DAF2}"
EndProject
Project("{9A19103F-16F7-4668-BE54-9A1E7A4F7556}") = "GenHTTP.Examples", "Examples\GenHTTP.Examples\GenHTTP.Examples.csproj", "{55B27B13-C336-4FCD-96B1-2A22FFA3BF8A}"
EndProject
Project("{9A19103F-16F7-4668-BE54-9A1E7A4F7556}") = "GenHTTP.Examples.CoreApp", "Examples\GenHTTP.Examples.CoreApp\GenHTTP.Examples.CoreApp.csproj", "{287D54F1-2A86-452B-A3BA-51ED11E8AD38}"
EndProject
Project("{9A19103F-16F7-4668-BE54-9A1E7A4F7556}") = "GenHTTP.Core.Tests", "Core\GenHTTP.Core.Tests\GenHTTP.Core.Tests.csproj", "{D6A8D025-012D-4276-9A53-11D84C32C666}"
EndProject
Project("{9A19103F-16F7-4668-BE54-9A1E7A4F7556}") = "GenHTTP.Api.Tests", "API\GenHTTP.API.Tests\GenHTTP.API.Tests.csproj", "{9589C7DE-AA00-44AC-9E90-0A022029FA0D}"
EndProject
Project("{9A19103F-16F7-4668-BE54-9A1E7A4F7556}") = "GenHTTP.Modules.Core.Tests", "Modules\GenHTTP.Modules.Core.Tests\GenHTTP.Modules.Core.Tests.csproj", "{56661981-A32B-427C-9F84-2EE2C801605D}"
EndProject
Project("{9A19103F-16F7-4668-BE54-9A1E7A4F7556}") = "GenHTTP.Modules.Scriban.Tests", "Modules\GenHTTP.Modules.Scriban.Tests\GenHTTP.Modules.Scriban.Tests.csproj", "{67EFA1AA-8A51-4DA0-8AE4-42D2C84DE4E2}"
EndProject
Global
	GlobalSection(SolutionConfigurationPlatforms) = preSolution
		Debug|Any CPU = Debug|Any CPU
		Release|Any CPU = Release|Any CPU
	EndGlobalSection
	GlobalSection(ProjectConfigurationPlatforms) = postSolution
		{59E1C489-E9E9-4374-8CB9-A2005722152D}.Debug|Any CPU.ActiveCfg = Debug|Any CPU
		{59E1C489-E9E9-4374-8CB9-A2005722152D}.Debug|Any CPU.Build.0 = Debug|Any CPU
		{59E1C489-E9E9-4374-8CB9-A2005722152D}.Release|Any CPU.ActiveCfg = Release|Any CPU
		{59E1C489-E9E9-4374-8CB9-A2005722152D}.Release|Any CPU.Build.0 = Release|Any CPU
		{C2D2B8D0-CA23-4790-8C71-B245A0AB81FB}.Debug|Any CPU.ActiveCfg = Debug|Any CPU
		{C2D2B8D0-CA23-4790-8C71-B245A0AB81FB}.Debug|Any CPU.Build.0 = Debug|Any CPU
		{C2D2B8D0-CA23-4790-8C71-B245A0AB81FB}.Release|Any CPU.ActiveCfg = Release|Any CPU
		{C2D2B8D0-CA23-4790-8C71-B245A0AB81FB}.Release|Any CPU.Build.0 = Release|Any CPU
		{0CB8D077-0F88-4D9F-9FB3-508BE884EA99}.Debug|Any CPU.ActiveCfg = Debug|Any CPU
		{0CB8D077-0F88-4D9F-9FB3-508BE884EA99}.Debug|Any CPU.Build.0 = Debug|Any CPU
		{0CB8D077-0F88-4D9F-9FB3-508BE884EA99}.Release|Any CPU.ActiveCfg = Release|Any CPU
		{0CB8D077-0F88-4D9F-9FB3-508BE884EA99}.Release|Any CPU.Build.0 = Release|Any CPU
		{7FA5BD2F-C093-4F30-ACD9-A870C7A0DAF2}.Debug|Any CPU.ActiveCfg = Debug|Any CPU
		{7FA5BD2F-C093-4F30-ACD9-A870C7A0DAF2}.Debug|Any CPU.Build.0 = Debug|Any CPU
		{7FA5BD2F-C093-4F30-ACD9-A870C7A0DAF2}.Release|Any CPU.ActiveCfg = Release|Any CPU
		{7FA5BD2F-C093-4F30-ACD9-A870C7A0DAF2}.Release|Any CPU.Build.0 = Release|Any CPU
		{55B27B13-C336-4FCD-96B1-2A22FFA3BF8A}.Debug|Any CPU.ActiveCfg = Debug|Any CPU
		{55B27B13-C336-4FCD-96B1-2A22FFA3BF8A}.Debug|Any CPU.Build.0 = Debug|Any CPU
		{55B27B13-C336-4FCD-96B1-2A22FFA3BF8A}.Release|Any CPU.ActiveCfg = Release|Any CPU
		{55B27B13-C336-4FCD-96B1-2A22FFA3BF8A}.Release|Any CPU.Build.0 = Release|Any CPU
		{287D54F1-2A86-452B-A3BA-51ED11E8AD38}.Debug|Any CPU.ActiveCfg = Debug|Any CPU
		{287D54F1-2A86-452B-A3BA-51ED11E8AD38}.Debug|Any CPU.Build.0 = Debug|Any CPU
		{287D54F1-2A86-452B-A3BA-51ED11E8AD38}.Release|Any CPU.ActiveCfg = Release|Any CPU
		{287D54F1-2A86-452B-A3BA-51ED11E8AD38}.Release|Any CPU.Build.0 = Release|Any CPU
		{D6A8D025-012D-4276-9A53-11D84C32C666}.Debug|Any CPU.ActiveCfg = Debug|Any CPU
		{D6A8D025-012D-4276-9A53-11D84C32C666}.Debug|Any CPU.Build.0 = Debug|Any CPU
		{D6A8D025-012D-4276-9A53-11D84C32C666}.Release|Any CPU.ActiveCfg = Release|Any CPU
		{D6A8D025-012D-4276-9A53-11D84C32C666}.Release|Any CPU.Build.0 = Release|Any CPU
		{9589C7DE-AA00-44AC-9E90-0A022029FA0D}.Debug|Any CPU.ActiveCfg = Debug|Any CPU
		{9589C7DE-AA00-44AC-9E90-0A022029FA0D}.Debug|Any CPU.Build.0 = Debug|Any CPU
		{9589C7DE-AA00-44AC-9E90-0A022029FA0D}.Release|Any CPU.ActiveCfg = Release|Any CPU
		{9589C7DE-AA00-44AC-9E90-0A022029FA0D}.Release|Any CPU.Build.0 = Release|Any CPU
		{56661981-A32B-427C-9F84-2EE2C801605D}.Debug|Any CPU.ActiveCfg = Debug|Any CPU
		{56661981-A32B-427C-9F84-2EE2C801605D}.Debug|Any CPU.Build.0 = Debug|Any CPU
		{56661981-A32B-427C-9F84-2EE2C801605D}.Release|Any CPU.ActiveCfg = Release|Any CPU
		{56661981-A32B-427C-9F84-2EE2C801605D}.Release|Any CPU.Build.0 = Release|Any CPU
		{67EFA1AA-8A51-4DA0-8AE4-42D2C84DE4E2}.Debug|Any CPU.ActiveCfg = Debug|Any CPU
		{67EFA1AA-8A51-4DA0-8AE4-42D2C84DE4E2}.Debug|Any CPU.Build.0 = Debug|Any CPU
		{67EFA1AA-8A51-4DA0-8AE4-42D2C84DE4E2}.Release|Any CPU.ActiveCfg = Release|Any CPU
		{67EFA1AA-8A51-4DA0-8AE4-42D2C84DE4E2}.Release|Any CPU.Build.0 = Release|Any CPU
	EndGlobalSection
	GlobalSection(SolutionProperties) = preSolution
		HideSolutionNode = FALSE
	EndGlobalSection
	GlobalSection(NestedProjects) = preSolution
		{59E1C489-E9E9-4374-8CB9-A2005722152D} = {AFBFE61E-0C33-42F6-9370-9F5088EB8633}
		{C2D2B8D0-CA23-4790-8C71-B245A0AB81FB} = {06A861A6-D030-4129-9F8F-4EED698D00A6}
		{0CB8D077-0F88-4D9F-9FB3-508BE884EA99} = {23B23225-275E-4F52-8B29-6F44C85B6ACE}
		{7FA5BD2F-C093-4F30-ACD9-A870C7A0DAF2} = {23B23225-275E-4F52-8B29-6F44C85B6ACE}
		{55B27B13-C336-4FCD-96B1-2A22FFA3BF8A} = {2287FAF2-0917-4B92-AA53-0E544DDFF0AA}
		{287D54F1-2A86-452B-A3BA-51ED11E8AD38} = {2287FAF2-0917-4B92-AA53-0E544DDFF0AA}
		{D6A8D025-012D-4276-9A53-11D84C32C666} = {AFBFE61E-0C33-42F6-9370-9F5088EB8633}
		{9589C7DE-AA00-44AC-9E90-0A022029FA0D} = {06A861A6-D030-4129-9F8F-4EED698D00A6}
		{56661981-A32B-427C-9F84-2EE2C801605D} = {23B23225-275E-4F52-8B29-6F44C85B6ACE}
		{67EFA1AA-8A51-4DA0-8AE4-42D2C84DE4E2} = {23B23225-275E-4F52-8B29-6F44C85B6ACE}
	EndGlobalSection
	GlobalSection(ExtensibilityGlobals) = postSolution
		LessCompiler = 2603124e-1287-4d61-9540-6ac3efad4eb9
		SolutionGuid = {9C67B3AF-0BF6-4E21-8C39-3F74CFCF9632}
	EndGlobalSection
EndGlobal
