
Microsoft Visual Studio Solution File, Format Version 12.00
# Visual Studio Version 17
VisualStudioVersion = 17.0.31912.275
MinimumVisualStudioVersion = 10.0.40219.1
Project("{9A19103F-16F7-4668-BE54-9A1E7A4F7556}") = "GenHTTP.Engine", "Engine\GenHTTP.Engine.csproj", "{59E1C489-E9E9-4374-8CB9-A2005722152D}"
EndProject
Project("{2150E333-8FDC-42A3-9474-1A3956D46DE8}") = "Engine", "Engine", "{AFBFE61E-0C33-42F6-9370-9F5088EB8633}"
EndProject
Project("{2150E333-8FDC-42A3-9474-1A3956D46DE8}") = "Solution Items", "Solution Items", "{8514DD10-DC8A-4C5C-B8CD-F2C97F5684C9}"
	ProjectSection(SolutionItems) = preProject
		CONTRIBUTING.md = CONTRIBUTING.md
		LICENSE = LICENSE
		README.md = README.md
	EndProjectSection
EndProject
Project("{2150E333-8FDC-42A3-9474-1A3956D46DE8}") = "API", "API", "{06A861A6-D030-4129-9F8F-4EED698D00A6}"
EndProject
Project("{9A19103F-16F7-4668-BE54-9A1E7A4F7556}") = "GenHTTP.Api", "API\GenHTTP.Api.csproj", "{C2D2B8D0-CA23-4790-8C71-B245A0AB81FB}"
EndProject
Project("{2150E333-8FDC-42A3-9474-1A3956D46DE8}") = "Modules", "Modules", "{23B23225-275E-4F52-8B29-6F44C85B6ACE}"
EndProject
Project("{9A19103F-16F7-4668-BE54-9A1E7A4F7556}") = "GenHTTP.Modules.Scriban", "Modules\Scriban\GenHTTP.Modules.Scriban.csproj", "{7FA5BD2F-C093-4F30-ACD9-A870C7A0DAF2}"
EndProject
Project("{2150E333-8FDC-42A3-9474-1A3956D46DE8}") = "Testing", "Testing", "{A7930BE4-0549-4197-B139-B1A73E74B464}"
EndProject
Project("{9A19103F-16F7-4668-BE54-9A1E7A4F7556}") = "GenHTTP.Testing.Acceptance", "Testing\GenHTTP.Testing.Acceptance.csproj", "{3B00D7C4-B8E9-4163-9E4C-67044BB26B34}"
EndProject
Project("{9A19103F-16F7-4668-BE54-9A1E7A4F7556}") = "GenHTTP.Modules.Webservices", "Modules\Webservices\GenHTTP.Modules.Webservices.csproj", "{3096F48C-60D7-4471-A7E4-315B6227C351}"
EndProject
Project("{9A19103F-16F7-4668-BE54-9A1E7A4F7556}") = "GenHTTP.Modules.Razor", "Modules\Razor\GenHTTP.Modules.Razor.csproj", "{9022F8C2-B465-40FD-BC59-428C034C4470}"
EndProject
Project("{9A19103F-16F7-4668-BE54-9A1E7A4F7556}") = "GenHTTP.Modules.Authentication", "Modules\Authentication\GenHTTP.Modules.Authentication.csproj", "{9BB6732E-BFE1-4ABE-B8A6-4522DF72EDDD}"
EndProject
Project("{2150E333-8FDC-42A3-9474-1A3956D46DE8}") = "Resources", "Resources", "{20BDA6E9-76E1-4EC5-8C95-40A335D1F39F}"
	ProjectSection(SolutionItems) = preProject
		Resources\icon.png = Resources\icon.png
	EndProjectSection
EndProject
Project("{9A19103F-16F7-4668-BE54-9A1E7A4F7556}") = "GenHTTP.Modules.Websites", "Modules\Websites\GenHTTP.Modules.Websites.csproj", "{C090ED78-B715-43A6-AD39-B2444EB5783C}"
EndProject
Project("{9A19103F-16F7-4668-BE54-9A1E7A4F7556}") = "GenHTTP.Modules.Sitemaps", "Modules\Sitemaps\GenHTTP.Modules.Sitemaps.csproj", "{B45B5BB8-87B8-4963-9F62-BAAAE47C90DF}"
EndProject
Project("{9A19103F-16F7-4668-BE54-9A1E7A4F7556}") = "GenHTTP.Modules.SinglePageApplications", "Modules\SinglePageApplications\GenHTTP.Modules.SinglePageApplications.csproj", "{81EAE966-6314-4CB4-BF58-AF85CF3AA053}"
EndProject
Project("{9A19103F-16F7-4668-BE54-9A1E7A4F7556}") = "GenHTTP.Modules.Robots", "Modules\Robots\GenHTTP.Modules.Robots.csproj", "{10D15919-2F5C-4BD3-83EA-8599EF080806}"
EndProject
Project("{9A19103F-16F7-4668-BE54-9A1E7A4F7556}") = "GenHTTP.Modules.LoadBalancing", "Modules\LoadBalancing\GenHTTP.Modules.LoadBalancing.csproj", "{4F35A2D6-3488-4A51-B1DB-383339BB00E4}"
EndProject
Project("{9A19103F-16F7-4668-BE54-9A1E7A4F7556}") = "GenHTTP.Modules.ReverseProxy", "Modules\ReverseProxy\GenHTTP.Modules.ReverseProxy.csproj", "{777B0D47-063A-42B1-BD49-7152E5F58846}"
EndProject
Project("{9A19103F-16F7-4668-BE54-9A1E7A4F7556}") = "GenHTTP.Modules.VirtualHosting", "Modules\VirtualHosting\GenHTTP.Modules.VirtualHosting.csproj", "{715B7974-964D-4700-86F3-239ED6AEFBD9}"
EndProject
Project("{9A19103F-16F7-4668-BE54-9A1E7A4F7556}") = "GenHTTP.Modules.DirectoryBrowsing", "Modules\DirectoryBrowsing\GenHTTP.Modules.DirectoryBrowsing.csproj", "{4AA0664D-5D2C-4985-83C3-00CCABA02FA3}"
EndProject
Project("{9A19103F-16F7-4668-BE54-9A1E7A4F7556}") = "GenHTTP.Modules.Compression", "Modules\Compression\GenHTTP.Modules.Compression.csproj", "{2976BCCA-08C1-47CA-8A51-349D6A32B365}"
EndProject
Project("{9A19103F-16F7-4668-BE54-9A1E7A4F7556}") = "GenHTTP.Modules.Placeholders", "Modules\Placeholders\GenHTTP.Modules.Placeholders.csproj", "{8E8B8E45-E90F-4025-8FBF-CF7A3EF3119D}"
EndProject
Project("{9A19103F-16F7-4668-BE54-9A1E7A4F7556}") = "GenHTTP.Modules.IO", "Modules\IO\GenHTTP.Modules.IO.csproj", "{16FC444E-4E5A-40DA-A88D-429597FE3625}"
EndProject
Project("{9A19103F-16F7-4668-BE54-9A1E7A4F7556}") = "GenHTTP.Modules.Security", "Modules\Security\GenHTTP.Modules.Security.csproj", "{61ECB0C8-2467-4A53-AA05-7100E05554C8}"
EndProject
Project("{9A19103F-16F7-4668-BE54-9A1E7A4F7556}") = "GenHTTP.Modules.Basics", "Modules\Basics\GenHTTP.Modules.Basics.csproj", "{D9723770-F470-4632-80F3-F26321FC60B3}"
EndProject
Project("{9A19103F-16F7-4668-BE54-9A1E7A4F7556}") = "GenHTTP.Modules.ErrorHandling", "Modules\ErrorHandling\GenHTTP.Modules.ErrorHandling.csproj", "{22E175DA-FBBE-44BC-A9DE-7C31883E865C}"
EndProject
Project("{9A19103F-16F7-4668-BE54-9A1E7A4F7556}") = "GenHTTP.Modules.Layouting", "Modules\Layouting\GenHTTP.Modules.Layouting.csproj", "{46DA2F18-4776-455F-8D3A-7CC244E8302E}"
EndProject
Project("{9A19103F-16F7-4668-BE54-9A1E7A4F7556}") = "GenHTTP.Modules.Practices", "Modules\Practices\GenHTTP.Modules.Practices.csproj", "{129F68BE-654C-4B99-BDF1-EB6855C66067}"
EndProject
Project("{2150E333-8FDC-42A3-9474-1A3956D46DE8}") = "Packages", "Packages", "{E7697B84-4CED-49EC-BEF2-AD9C9766D97E}"
	ProjectSection(SolutionItems) = preProject
		Packages\GenHTTP.Core.nuspec = Packages\GenHTTP.Core.nuspec
	EndProjectSection
EndProject
Project("{2150E333-8FDC-42A3-9474-1A3956D46DE8}") = "Playground", "Playground", "{E3B0341E-C922-40EF-AB36-8563B7B189A9}"
EndProject
Project("{9A19103F-16F7-4668-BE54-9A1E7A4F7556}") = "GenHTTP.Playground", "Playground\GenHTTP.Playground.csproj", "{34F574D3-14EC-4C34-A414-ECAF159B3B5D}"
EndProject
Project("{9A19103F-16F7-4668-BE54-9A1E7A4F7556}") = "GenHTTP.Modules.Markdown", "Modules\Markdown\GenHTTP.Modules.Markdown.csproj", "{BBA5A1C9-DDB5-40C5-81C6-DE9D3CE3E60D}"
EndProject
Project("{9A19103F-16F7-4668-BE54-9A1E7A4F7556}") = "GenHTTP.Modules.Reflection", "Modules\Reflection\GenHTTP.Modules.Reflection.csproj", "{D990E16A-91AC-4283-A3A3-24CD7408F835}"
EndProject
Project("{9A19103F-16F7-4668-BE54-9A1E7A4F7556}") = "GenHTTP.Modules.Controllers", "Modules\Controllers\GenHTTP.Modules.Controllers.csproj", "{44824207-8F3A-44AB-91C4-33AC342A0D36}"
EndProject
Project("{9A19103F-16F7-4668-BE54-9A1E7A4F7556}") = "GenHTTP.Modules.Conversion", "Modules\Conversion\GenHTTP.Modules.Conversion.csproj", "{55328AAB-6956-4A60-87D8-2D526C4FC632}"
EndProject
Project("{9A19103F-16F7-4668-BE54-9A1E7A4F7556}") = "GenHTTP.Modules.ClientCaching", "Modules\ClientCaching\GenHTTP.Modules.ClientCaching.csproj", "{3BDF19ED-5EAF-4AFA-84AE-8314A41BEAC6}"
EndProject
Project("{9A19103F-16F7-4668-BE54-9A1E7A4F7556}") = "GenHTTP.Modules.StaticWebsites", "Modules\StaticWebsites\GenHTTP.Modules.StaticWebsites.csproj", "{78870C12-93FE-41A0-8488-853CF8BAFBBC}"
EndProject
Project("{9A19103F-16F7-4668-BE54-9A1E7A4F7556}") = "GenHTTP.Modules.ServerCaching", "Modules\ServerCaching\GenHTTP.Modules.ServerCaching.csproj", "{00CA98AD-0CEE-480D-9695-1A4A2D1C136B}"
EndProject
Project("{9A19103F-16F7-4668-BE54-9A1E7A4F7556}") = "GenHTTP.Modules.Caching", "Modules\Caching\GenHTTP.Modules.Caching.csproj", "{6F466654-D13F-4555-80B9-B36198B7CDED}"
EndProject
Project("{9A19103F-16F7-4668-BE54-9A1E7A4F7556}") = "GenHTTP.Modules.AutoReload", "Modules\AutoReload\GenHTTP.Modules.AutoReload.csproj", "{4F2BDA0D-D206-4787-83E6-593F7673C1AB}"
EndProject
Project("{9A19103F-16F7-4668-BE54-9A1E7A4F7556}") = "GenHTTP.Modules.Pages", "Modules\Pages\GenHTTP.Modules.Pages.csproj", "{69D6CA16-1332-41B6-8994-6AD943915F25}"
EndProject
Project("{9A19103F-16F7-4668-BE54-9A1E7A4F7556}") = "GenHTTP.Modules.Functional", "Modules\Functional\GenHTTP.Modules.Functional.csproj", "{2A2BCF94-BBDF-49A7-8B87-931E665507F0}"
EndProject
Project("{FAE04EC0-301F-11D3-BF4B-00C04F79EFBC}") = "GenHTTP.Modules.Protobuf", "Modules\Protobuf\GenHTTP.Modules.Protobuf.csproj", "{0D9957DE-8FE2-44A1-B9D7-EADD1DBDBD6E}"
EndProject
Global
	GlobalSection(SolutionConfigurationPlatforms) = preSolution
		Debug|Any CPU = Debug|Any CPU
		Release|Any CPU = Release|Any CPU
	EndGlobalSection
	GlobalSection(ProjectConfigurationPlatforms) = postSolution
		{59E1C489-E9E9-4374-8CB9-A2005722152D}.Debug|Any CPU.ActiveCfg = Debug|Any CPU
		{59E1C489-E9E9-4374-8CB9-A2005722152D}.Debug|Any CPU.Build.0 = Debug|Any CPU
		{59E1C489-E9E9-4374-8CB9-A2005722152D}.Release|Any CPU.ActiveCfg = Release|Any CPU
		{59E1C489-E9E9-4374-8CB9-A2005722152D}.Release|Any CPU.Build.0 = Release|Any CPU
		{C2D2B8D0-CA23-4790-8C71-B245A0AB81FB}.Debug|Any CPU.ActiveCfg = Debug|Any CPU
		{C2D2B8D0-CA23-4790-8C71-B245A0AB81FB}.Debug|Any CPU.Build.0 = Debug|Any CPU
		{C2D2B8D0-CA23-4790-8C71-B245A0AB81FB}.Release|Any CPU.ActiveCfg = Release|Any CPU
		{C2D2B8D0-CA23-4790-8C71-B245A0AB81FB}.Release|Any CPU.Build.0 = Release|Any CPU
		{7FA5BD2F-C093-4F30-ACD9-A870C7A0DAF2}.Debug|Any CPU.ActiveCfg = Debug|Any CPU
		{7FA5BD2F-C093-4F30-ACD9-A870C7A0DAF2}.Debug|Any CPU.Build.0 = Debug|Any CPU
		{7FA5BD2F-C093-4F30-ACD9-A870C7A0DAF2}.Release|Any CPU.ActiveCfg = Release|Any CPU
		{7FA5BD2F-C093-4F30-ACD9-A870C7A0DAF2}.Release|Any CPU.Build.0 = Release|Any CPU
		{3B00D7C4-B8E9-4163-9E4C-67044BB26B34}.Debug|Any CPU.ActiveCfg = Debug|Any CPU
		{3B00D7C4-B8E9-4163-9E4C-67044BB26B34}.Debug|Any CPU.Build.0 = Debug|Any CPU
		{3B00D7C4-B8E9-4163-9E4C-67044BB26B34}.Release|Any CPU.ActiveCfg = Release|Any CPU
		{3B00D7C4-B8E9-4163-9E4C-67044BB26B34}.Release|Any CPU.Build.0 = Release|Any CPU
		{3096F48C-60D7-4471-A7E4-315B6227C351}.Debug|Any CPU.ActiveCfg = Debug|Any CPU
		{3096F48C-60D7-4471-A7E4-315B6227C351}.Debug|Any CPU.Build.0 = Debug|Any CPU
		{3096F48C-60D7-4471-A7E4-315B6227C351}.Release|Any CPU.ActiveCfg = Release|Any CPU
		{3096F48C-60D7-4471-A7E4-315B6227C351}.Release|Any CPU.Build.0 = Release|Any CPU
		{9022F8C2-B465-40FD-BC59-428C034C4470}.Debug|Any CPU.ActiveCfg = Debug|Any CPU
		{9022F8C2-B465-40FD-BC59-428C034C4470}.Debug|Any CPU.Build.0 = Debug|Any CPU
		{9022F8C2-B465-40FD-BC59-428C034C4470}.Release|Any CPU.ActiveCfg = Release|Any CPU
		{9022F8C2-B465-40FD-BC59-428C034C4470}.Release|Any CPU.Build.0 = Release|Any CPU
		{9BB6732E-BFE1-4ABE-B8A6-4522DF72EDDD}.Debug|Any CPU.ActiveCfg = Debug|Any CPU
		{9BB6732E-BFE1-4ABE-B8A6-4522DF72EDDD}.Debug|Any CPU.Build.0 = Debug|Any CPU
		{9BB6732E-BFE1-4ABE-B8A6-4522DF72EDDD}.Release|Any CPU.ActiveCfg = Release|Any CPU
		{9BB6732E-BFE1-4ABE-B8A6-4522DF72EDDD}.Release|Any CPU.Build.0 = Release|Any CPU
		{C090ED78-B715-43A6-AD39-B2444EB5783C}.Debug|Any CPU.ActiveCfg = Debug|Any CPU
		{C090ED78-B715-43A6-AD39-B2444EB5783C}.Debug|Any CPU.Build.0 = Debug|Any CPU
		{C090ED78-B715-43A6-AD39-B2444EB5783C}.Release|Any CPU.ActiveCfg = Release|Any CPU
		{C090ED78-B715-43A6-AD39-B2444EB5783C}.Release|Any CPU.Build.0 = Release|Any CPU
		{B45B5BB8-87B8-4963-9F62-BAAAE47C90DF}.Debug|Any CPU.ActiveCfg = Debug|Any CPU
		{B45B5BB8-87B8-4963-9F62-BAAAE47C90DF}.Debug|Any CPU.Build.0 = Debug|Any CPU
		{B45B5BB8-87B8-4963-9F62-BAAAE47C90DF}.Release|Any CPU.ActiveCfg = Release|Any CPU
		{B45B5BB8-87B8-4963-9F62-BAAAE47C90DF}.Release|Any CPU.Build.0 = Release|Any CPU
		{81EAE966-6314-4CB4-BF58-AF85CF3AA053}.Debug|Any CPU.ActiveCfg = Debug|Any CPU
		{81EAE966-6314-4CB4-BF58-AF85CF3AA053}.Debug|Any CPU.Build.0 = Debug|Any CPU
		{81EAE966-6314-4CB4-BF58-AF85CF3AA053}.Release|Any CPU.ActiveCfg = Release|Any CPU
		{81EAE966-6314-4CB4-BF58-AF85CF3AA053}.Release|Any CPU.Build.0 = Release|Any CPU
		{10D15919-2F5C-4BD3-83EA-8599EF080806}.Debug|Any CPU.ActiveCfg = Debug|Any CPU
		{10D15919-2F5C-4BD3-83EA-8599EF080806}.Debug|Any CPU.Build.0 = Debug|Any CPU
		{10D15919-2F5C-4BD3-83EA-8599EF080806}.Release|Any CPU.ActiveCfg = Release|Any CPU
		{10D15919-2F5C-4BD3-83EA-8599EF080806}.Release|Any CPU.Build.0 = Release|Any CPU
		{4F35A2D6-3488-4A51-B1DB-383339BB00E4}.Debug|Any CPU.ActiveCfg = Debug|Any CPU
		{4F35A2D6-3488-4A51-B1DB-383339BB00E4}.Debug|Any CPU.Build.0 = Debug|Any CPU
		{4F35A2D6-3488-4A51-B1DB-383339BB00E4}.Release|Any CPU.ActiveCfg = Release|Any CPU
		{4F35A2D6-3488-4A51-B1DB-383339BB00E4}.Release|Any CPU.Build.0 = Release|Any CPU
		{777B0D47-063A-42B1-BD49-7152E5F58846}.Debug|Any CPU.ActiveCfg = Debug|Any CPU
		{777B0D47-063A-42B1-BD49-7152E5F58846}.Debug|Any CPU.Build.0 = Debug|Any CPU
		{777B0D47-063A-42B1-BD49-7152E5F58846}.Release|Any CPU.ActiveCfg = Release|Any CPU
		{777B0D47-063A-42B1-BD49-7152E5F58846}.Release|Any CPU.Build.0 = Release|Any CPU
		{715B7974-964D-4700-86F3-239ED6AEFBD9}.Debug|Any CPU.ActiveCfg = Debug|Any CPU
		{715B7974-964D-4700-86F3-239ED6AEFBD9}.Debug|Any CPU.Build.0 = Debug|Any CPU
		{715B7974-964D-4700-86F3-239ED6AEFBD9}.Release|Any CPU.ActiveCfg = Release|Any CPU
		{715B7974-964D-4700-86F3-239ED6AEFBD9}.Release|Any CPU.Build.0 = Release|Any CPU
		{4AA0664D-5D2C-4985-83C3-00CCABA02FA3}.Debug|Any CPU.ActiveCfg = Debug|Any CPU
		{4AA0664D-5D2C-4985-83C3-00CCABA02FA3}.Debug|Any CPU.Build.0 = Debug|Any CPU
		{4AA0664D-5D2C-4985-83C3-00CCABA02FA3}.Release|Any CPU.ActiveCfg = Release|Any CPU
		{4AA0664D-5D2C-4985-83C3-00CCABA02FA3}.Release|Any CPU.Build.0 = Release|Any CPU
		{2976BCCA-08C1-47CA-8A51-349D6A32B365}.Debug|Any CPU.ActiveCfg = Debug|Any CPU
		{2976BCCA-08C1-47CA-8A51-349D6A32B365}.Debug|Any CPU.Build.0 = Debug|Any CPU
		{2976BCCA-08C1-47CA-8A51-349D6A32B365}.Release|Any CPU.ActiveCfg = Release|Any CPU
		{2976BCCA-08C1-47CA-8A51-349D6A32B365}.Release|Any CPU.Build.0 = Release|Any CPU
		{8E8B8E45-E90F-4025-8FBF-CF7A3EF3119D}.Debug|Any CPU.ActiveCfg = Debug|Any CPU
		{8E8B8E45-E90F-4025-8FBF-CF7A3EF3119D}.Debug|Any CPU.Build.0 = Debug|Any CPU
		{8E8B8E45-E90F-4025-8FBF-CF7A3EF3119D}.Release|Any CPU.ActiveCfg = Release|Any CPU
		{8E8B8E45-E90F-4025-8FBF-CF7A3EF3119D}.Release|Any CPU.Build.0 = Release|Any CPU
		{16FC444E-4E5A-40DA-A88D-429597FE3625}.Debug|Any CPU.ActiveCfg = Debug|Any CPU
		{16FC444E-4E5A-40DA-A88D-429597FE3625}.Debug|Any CPU.Build.0 = Debug|Any CPU
		{16FC444E-4E5A-40DA-A88D-429597FE3625}.Release|Any CPU.ActiveCfg = Release|Any CPU
		{16FC444E-4E5A-40DA-A88D-429597FE3625}.Release|Any CPU.Build.0 = Release|Any CPU
		{61ECB0C8-2467-4A53-AA05-7100E05554C8}.Debug|Any CPU.ActiveCfg = Debug|Any CPU
		{61ECB0C8-2467-4A53-AA05-7100E05554C8}.Debug|Any CPU.Build.0 = Debug|Any CPU
		{61ECB0C8-2467-4A53-AA05-7100E05554C8}.Release|Any CPU.ActiveCfg = Release|Any CPU
		{61ECB0C8-2467-4A53-AA05-7100E05554C8}.Release|Any CPU.Build.0 = Release|Any CPU
		{D9723770-F470-4632-80F3-F26321FC60B3}.Debug|Any CPU.ActiveCfg = Debug|Any CPU
		{D9723770-F470-4632-80F3-F26321FC60B3}.Debug|Any CPU.Build.0 = Debug|Any CPU
		{D9723770-F470-4632-80F3-F26321FC60B3}.Release|Any CPU.ActiveCfg = Release|Any CPU
		{D9723770-F470-4632-80F3-F26321FC60B3}.Release|Any CPU.Build.0 = Release|Any CPU
		{22E175DA-FBBE-44BC-A9DE-7C31883E865C}.Debug|Any CPU.ActiveCfg = Debug|Any CPU
		{22E175DA-FBBE-44BC-A9DE-7C31883E865C}.Debug|Any CPU.Build.0 = Debug|Any CPU
		{22E175DA-FBBE-44BC-A9DE-7C31883E865C}.Release|Any CPU.ActiveCfg = Release|Any CPU
		{22E175DA-FBBE-44BC-A9DE-7C31883E865C}.Release|Any CPU.Build.0 = Release|Any CPU
		{46DA2F18-4776-455F-8D3A-7CC244E8302E}.Debug|Any CPU.ActiveCfg = Debug|Any CPU
		{46DA2F18-4776-455F-8D3A-7CC244E8302E}.Debug|Any CPU.Build.0 = Debug|Any CPU
		{46DA2F18-4776-455F-8D3A-7CC244E8302E}.Release|Any CPU.ActiveCfg = Release|Any CPU
		{46DA2F18-4776-455F-8D3A-7CC244E8302E}.Release|Any CPU.Build.0 = Release|Any CPU
		{129F68BE-654C-4B99-BDF1-EB6855C66067}.Debug|Any CPU.ActiveCfg = Debug|Any CPU
		{129F68BE-654C-4B99-BDF1-EB6855C66067}.Debug|Any CPU.Build.0 = Debug|Any CPU
		{129F68BE-654C-4B99-BDF1-EB6855C66067}.Release|Any CPU.ActiveCfg = Release|Any CPU
		{129F68BE-654C-4B99-BDF1-EB6855C66067}.Release|Any CPU.Build.0 = Release|Any CPU
		{34F574D3-14EC-4C34-A414-ECAF159B3B5D}.Debug|Any CPU.ActiveCfg = Debug|Any CPU
		{34F574D3-14EC-4C34-A414-ECAF159B3B5D}.Debug|Any CPU.Build.0 = Debug|Any CPU
		{34F574D3-14EC-4C34-A414-ECAF159B3B5D}.Release|Any CPU.ActiveCfg = Release|Any CPU
		{34F574D3-14EC-4C34-A414-ECAF159B3B5D}.Release|Any CPU.Build.0 = Release|Any CPU
		{BBA5A1C9-DDB5-40C5-81C6-DE9D3CE3E60D}.Debug|Any CPU.ActiveCfg = Debug|Any CPU
		{BBA5A1C9-DDB5-40C5-81C6-DE9D3CE3E60D}.Debug|Any CPU.Build.0 = Debug|Any CPU
		{BBA5A1C9-DDB5-40C5-81C6-DE9D3CE3E60D}.Release|Any CPU.ActiveCfg = Release|Any CPU
		{BBA5A1C9-DDB5-40C5-81C6-DE9D3CE3E60D}.Release|Any CPU.Build.0 = Release|Any CPU
		{D990E16A-91AC-4283-A3A3-24CD7408F835}.Debug|Any CPU.ActiveCfg = Debug|Any CPU
		{D990E16A-91AC-4283-A3A3-24CD7408F835}.Debug|Any CPU.Build.0 = Debug|Any CPU
		{D990E16A-91AC-4283-A3A3-24CD7408F835}.Release|Any CPU.ActiveCfg = Release|Any CPU
		{D990E16A-91AC-4283-A3A3-24CD7408F835}.Release|Any CPU.Build.0 = Release|Any CPU
		{44824207-8F3A-44AB-91C4-33AC342A0D36}.Debug|Any CPU.ActiveCfg = Debug|Any CPU
		{44824207-8F3A-44AB-91C4-33AC342A0D36}.Debug|Any CPU.Build.0 = Debug|Any CPU
		{44824207-8F3A-44AB-91C4-33AC342A0D36}.Release|Any CPU.ActiveCfg = Release|Any CPU
		{44824207-8F3A-44AB-91C4-33AC342A0D36}.Release|Any CPU.Build.0 = Release|Any CPU
		{55328AAB-6956-4A60-87D8-2D526C4FC632}.Debug|Any CPU.ActiveCfg = Debug|Any CPU
		{55328AAB-6956-4A60-87D8-2D526C4FC632}.Debug|Any CPU.Build.0 = Debug|Any CPU
		{55328AAB-6956-4A60-87D8-2D526C4FC632}.Release|Any CPU.ActiveCfg = Release|Any CPU
		{55328AAB-6956-4A60-87D8-2D526C4FC632}.Release|Any CPU.Build.0 = Release|Any CPU
		{3BDF19ED-5EAF-4AFA-84AE-8314A41BEAC6}.Debug|Any CPU.ActiveCfg = Debug|Any CPU
		{3BDF19ED-5EAF-4AFA-84AE-8314A41BEAC6}.Debug|Any CPU.Build.0 = Debug|Any CPU
		{3BDF19ED-5EAF-4AFA-84AE-8314A41BEAC6}.Release|Any CPU.ActiveCfg = Release|Any CPU
		{3BDF19ED-5EAF-4AFA-84AE-8314A41BEAC6}.Release|Any CPU.Build.0 = Release|Any CPU
		{78870C12-93FE-41A0-8488-853CF8BAFBBC}.Debug|Any CPU.ActiveCfg = Debug|Any CPU
		{78870C12-93FE-41A0-8488-853CF8BAFBBC}.Debug|Any CPU.Build.0 = Debug|Any CPU
		{78870C12-93FE-41A0-8488-853CF8BAFBBC}.Release|Any CPU.ActiveCfg = Release|Any CPU
		{78870C12-93FE-41A0-8488-853CF8BAFBBC}.Release|Any CPU.Build.0 = Release|Any CPU
		{00CA98AD-0CEE-480D-9695-1A4A2D1C136B}.Debug|Any CPU.ActiveCfg = Debug|Any CPU
		{00CA98AD-0CEE-480D-9695-1A4A2D1C136B}.Debug|Any CPU.Build.0 = Debug|Any CPU
		{00CA98AD-0CEE-480D-9695-1A4A2D1C136B}.Release|Any CPU.ActiveCfg = Release|Any CPU
		{00CA98AD-0CEE-480D-9695-1A4A2D1C136B}.Release|Any CPU.Build.0 = Release|Any CPU
		{6F466654-D13F-4555-80B9-B36198B7CDED}.Debug|Any CPU.ActiveCfg = Debug|Any CPU
		{6F466654-D13F-4555-80B9-B36198B7CDED}.Debug|Any CPU.Build.0 = Debug|Any CPU
		{6F466654-D13F-4555-80B9-B36198B7CDED}.Release|Any CPU.ActiveCfg = Release|Any CPU
		{6F466654-D13F-4555-80B9-B36198B7CDED}.Release|Any CPU.Build.0 = Release|Any CPU
		{4F2BDA0D-D206-4787-83E6-593F7673C1AB}.Debug|Any CPU.ActiveCfg = Debug|Any CPU
		{4F2BDA0D-D206-4787-83E6-593F7673C1AB}.Debug|Any CPU.Build.0 = Debug|Any CPU
		{4F2BDA0D-D206-4787-83E6-593F7673C1AB}.Release|Any CPU.ActiveCfg = Release|Any CPU
		{4F2BDA0D-D206-4787-83E6-593F7673C1AB}.Release|Any CPU.Build.0 = Release|Any CPU
		{69D6CA16-1332-41B6-8994-6AD943915F25}.Debug|Any CPU.ActiveCfg = Debug|Any CPU
		{69D6CA16-1332-41B6-8994-6AD943915F25}.Debug|Any CPU.Build.0 = Debug|Any CPU
		{69D6CA16-1332-41B6-8994-6AD943915F25}.Release|Any CPU.ActiveCfg = Release|Any CPU
		{69D6CA16-1332-41B6-8994-6AD943915F25}.Release|Any CPU.Build.0 = Release|Any CPU
		{2A2BCF94-BBDF-49A7-8B87-931E665507F0}.Debug|Any CPU.ActiveCfg = Debug|Any CPU
		{2A2BCF94-BBDF-49A7-8B87-931E665507F0}.Debug|Any CPU.Build.0 = Debug|Any CPU
		{2A2BCF94-BBDF-49A7-8B87-931E665507F0}.Release|Any CPU.ActiveCfg = Release|Any CPU
		{2A2BCF94-BBDF-49A7-8B87-931E665507F0}.Release|Any CPU.Build.0 = Release|Any CPU
		{0D9957DE-8FE2-44A1-B9D7-EADD1DBDBD6E}.Debug|Any CPU.ActiveCfg = Debug|Any CPU
		{0D9957DE-8FE2-44A1-B9D7-EADD1DBDBD6E}.Debug|Any CPU.Build.0 = Debug|Any CPU
		{0D9957DE-8FE2-44A1-B9D7-EADD1DBDBD6E}.Release|Any CPU.ActiveCfg = Release|Any CPU
		{0D9957DE-8FE2-44A1-B9D7-EADD1DBDBD6E}.Release|Any CPU.Build.0 = Release|Any CPU
	EndGlobalSection
	GlobalSection(SolutionProperties) = preSolution
		HideSolutionNode = FALSE
	EndGlobalSection
	GlobalSection(NestedProjects) = preSolution
		{59E1C489-E9E9-4374-8CB9-A2005722152D} = {AFBFE61E-0C33-42F6-9370-9F5088EB8633}
		{C2D2B8D0-CA23-4790-8C71-B245A0AB81FB} = {06A861A6-D030-4129-9F8F-4EED698D00A6}
		{7FA5BD2F-C093-4F30-ACD9-A870C7A0DAF2} = {23B23225-275E-4F52-8B29-6F44C85B6ACE}
		{3B00D7C4-B8E9-4163-9E4C-67044BB26B34} = {A7930BE4-0549-4197-B139-B1A73E74B464}
		{3096F48C-60D7-4471-A7E4-315B6227C351} = {23B23225-275E-4F52-8B29-6F44C85B6ACE}
		{9022F8C2-B465-40FD-BC59-428C034C4470} = {23B23225-275E-4F52-8B29-6F44C85B6ACE}
		{9BB6732E-BFE1-4ABE-B8A6-4522DF72EDDD} = {23B23225-275E-4F52-8B29-6F44C85B6ACE}
		{20BDA6E9-76E1-4EC5-8C95-40A335D1F39F} = {8514DD10-DC8A-4C5C-B8CD-F2C97F5684C9}
		{C090ED78-B715-43A6-AD39-B2444EB5783C} = {23B23225-275E-4F52-8B29-6F44C85B6ACE}
		{B45B5BB8-87B8-4963-9F62-BAAAE47C90DF} = {23B23225-275E-4F52-8B29-6F44C85B6ACE}
		{81EAE966-6314-4CB4-BF58-AF85CF3AA053} = {23B23225-275E-4F52-8B29-6F44C85B6ACE}
		{10D15919-2F5C-4BD3-83EA-8599EF080806} = {23B23225-275E-4F52-8B29-6F44C85B6ACE}
		{4F35A2D6-3488-4A51-B1DB-383339BB00E4} = {23B23225-275E-4F52-8B29-6F44C85B6ACE}
		{777B0D47-063A-42B1-BD49-7152E5F58846} = {23B23225-275E-4F52-8B29-6F44C85B6ACE}
		{715B7974-964D-4700-86F3-239ED6AEFBD9} = {23B23225-275E-4F52-8B29-6F44C85B6ACE}
		{4AA0664D-5D2C-4985-83C3-00CCABA02FA3} = {23B23225-275E-4F52-8B29-6F44C85B6ACE}
		{2976BCCA-08C1-47CA-8A51-349D6A32B365} = {23B23225-275E-4F52-8B29-6F44C85B6ACE}
		{8E8B8E45-E90F-4025-8FBF-CF7A3EF3119D} = {23B23225-275E-4F52-8B29-6F44C85B6ACE}
		{16FC444E-4E5A-40DA-A88D-429597FE3625} = {23B23225-275E-4F52-8B29-6F44C85B6ACE}
		{61ECB0C8-2467-4A53-AA05-7100E05554C8} = {23B23225-275E-4F52-8B29-6F44C85B6ACE}
		{D9723770-F470-4632-80F3-F26321FC60B3} = {23B23225-275E-4F52-8B29-6F44C85B6ACE}
		{22E175DA-FBBE-44BC-A9DE-7C31883E865C} = {23B23225-275E-4F52-8B29-6F44C85B6ACE}
		{46DA2F18-4776-455F-8D3A-7CC244E8302E} = {23B23225-275E-4F52-8B29-6F44C85B6ACE}
		{129F68BE-654C-4B99-BDF1-EB6855C66067} = {23B23225-275E-4F52-8B29-6F44C85B6ACE}
		{E7697B84-4CED-49EC-BEF2-AD9C9766D97E} = {8514DD10-DC8A-4C5C-B8CD-F2C97F5684C9}
		{34F574D3-14EC-4C34-A414-ECAF159B3B5D} = {E3B0341E-C922-40EF-AB36-8563B7B189A9}
		{BBA5A1C9-DDB5-40C5-81C6-DE9D3CE3E60D} = {23B23225-275E-4F52-8B29-6F44C85B6ACE}
		{D990E16A-91AC-4283-A3A3-24CD7408F835} = {23B23225-275E-4F52-8B29-6F44C85B6ACE}
		{44824207-8F3A-44AB-91C4-33AC342A0D36} = {23B23225-275E-4F52-8B29-6F44C85B6ACE}
		{55328AAB-6956-4A60-87D8-2D526C4FC632} = {23B23225-275E-4F52-8B29-6F44C85B6ACE}
		{3BDF19ED-5EAF-4AFA-84AE-8314A41BEAC6} = {23B23225-275E-4F52-8B29-6F44C85B6ACE}
		{78870C12-93FE-41A0-8488-853CF8BAFBBC} = {23B23225-275E-4F52-8B29-6F44C85B6ACE}
		{00CA98AD-0CEE-480D-9695-1A4A2D1C136B} = {23B23225-275E-4F52-8B29-6F44C85B6ACE}
		{6F466654-D13F-4555-80B9-B36198B7CDED} = {23B23225-275E-4F52-8B29-6F44C85B6ACE}
		{4F2BDA0D-D206-4787-83E6-593F7673C1AB} = {23B23225-275E-4F52-8B29-6F44C85B6ACE}
		{69D6CA16-1332-41B6-8994-6AD943915F25} = {23B23225-275E-4F52-8B29-6F44C85B6ACE}
		{2A2BCF94-BBDF-49A7-8B87-931E665507F0} = {23B23225-275E-4F52-8B29-6F44C85B6ACE}
		{0D9957DE-8FE2-44A1-B9D7-EADD1DBDBD6E} = {23B23225-275E-4F52-8B29-6F44C85B6ACE}
	EndGlobalSection
	GlobalSection(ExtensibilityGlobals) = postSolution
		SolutionGuid = {9C67B3AF-0BF6-4E21-8C39-3F74CFCF9632}
		LessCompiler = 2603124e-1287-4d61-9540-6ac3efad4eb9
	EndGlobalSection
EndGlobal
